# Generated by move; do not edit
# This file should be checked in.

[move]
version = 4

[pinned.testnet.MoveStdlib]
source = { git = "https://github.com/MystenLabs/sui.git", subdir = "crates/sui-framework/packages/move-stdlib", rev = "563c15820b27dec9cbe75f826a3b6243ef44da1a" }
use_environment = "testnet"
manifest_digest = "C4FE4C91DE74CBF223B2E380AE40F592177D21870DC2D7EB6227D2D694E05363"
deps = {}

[pinned.testnet.MoveStdlib_1]
source = { git = "https://github.com/MystenLabs/sui.git", subdir = "crates/sui-framework/packages/move-stdlib", rev = "a4185da5659d8d299d34e1bb2515ff1f7e32a20a" }
use_environment = "testnet"
manifest_digest = "C4FE4C91DE74CBF223B2E380AE40F592177D21870DC2D7EB6227D2D694E05363"
deps = {}

[pinned.testnet.Sui]
source = { git = "https://github.com/MystenLabs/sui.git", subdir = "crates/sui-framework/packages/sui-framework", rev = "563c15820b27dec9cbe75f826a3b6243ef44da1a" }
use_environment = "testnet"
manifest_digest = "7AFB66695545775FBFBB2D3078ADFD084244D5002392E837FDE21D9EA1C6D01C"
deps = { MoveStdlib = "MoveStdlib" }

[pinned.testnet.Sui_1]
source = { git = "https://github.com/MystenLabs/sui.git", subdir = "crates/sui-framework/packages/sui-framework", rev = "a4185da5659d8d299d34e1bb2515ff1f7e32a20a" }
use_environment = "testnet"
manifest_digest = "7AFB66695545775FBFBB2D3078ADFD084244D5002392E837FDE21D9EA1C6D01C"
deps = { MoveStdlib = "MoveStdlib_1" }

[pinned.testnet.locked_token]
source = { git = "https://github.com/multiversx/mx-locked-token-sc-sui.git", subdir = ".", rev = "96593ce41e01a300d06d21730dc5b446760164a5" }
use_environment = "testnet"
manifest_digest = "4FEA8B46EB06D23C004359BA674E8EB3B0CF4F332CF8505D795E7AF724C0A2E2"
deps = { std = "MoveStdlib", sui = "Sui", sui_extensions = "sui_extensions" }

[pinned.testnet.mx_bridge_sc_sui]
source = { root = true }
use_environment = "testnet"
manifest_digest = "AD6160CA9A2F963DFE59841E98E6D6ECD266E7D39A96F0DBC63A70EC8CC1DCBC"
deps = { locked_token = "locked_token", std = "MoveStdlib", sui = "Sui" }

[pinned.testnet.sui_extensions]
source = { git = "https://github.com/circlefin/stablecoin-sui.git", subdir = "packages/sui_extensions", rev = "d0904aec1bbe46b38f811654070032363a5a2966" }
use_environment = "testnet"
manifest_digest = "1AD09726AC05F000A00A1E0CB700C2036E67E05ACD42D402DD6B54FF2EFBB1E9"
deps = { Sui = "Sui_1" }
